// !$*UTF8*$!
{
	archiveVersion = 1;
	classes = {
	};
	objectVersion = 56;
	objects = {

/* Begin PBXBuildFile section */
		415E3FF82A29AB5D00C14AE9 /* PostRequest.swift in Sources */ = {isa = PBXBuildFile; fileRef = 415E3FF72A29AB5D00C14AE9 /* PostRequest.swift */; };
		419095D52A2467710006CB27 /* TabeViewController.swift in Sources */ = {isa = PBXBuildFile; fileRef = 419095D42A2467710006CB27 /* TabeViewController.swift */; };
		419095D72A2467FB0006CB27 /* TableViewCell.swift in Sources */ = {isa = PBXBuildFile; fileRef = 419095D62A2467FB0006CB27 /* TableViewCell.swift */; };
		419095D92A246AAE0006CB27 /* DataModel.swift in Sources */ = {isa = PBXBuildFile; fileRef = 419095D82A246AAE0006CB27 /* DataModel.swift */; };
		419095DB2A2472F30006CB27 /* TableViewModel.swift in Sources */ = {isa = PBXBuildFile; fileRef = 419095DA2A2472F30006CB27 /* TableViewModel.swift */; };
		41A68A422A1C8AC2002E3590 /* AppDelegate.swift in Sources */ = {isa = PBXBuildFile; fileRef = 41A68A412A1C8AC2002E3590 /* AppDelegate.swift */; };
		41A68A442A1C8AC2002E3590 /* SceneDelegate.swift in Sources */ = {isa = PBXBuildFile; fileRef = 41A68A432A1C8AC2002E3590 /* SceneDelegate.swift */; };
		41A68A492A1C8AC2002E3590 /* Main.storyboard in Resources */ = {isa = PBXBuildFile; fileRef = 41A68A472A1C8AC2002E3590 /* Main.storyboard */; };
		41A68A4B2A1C8AC5002E3590 /* Assets.xcassets in Resources */ = {isa = PBXBuildFile; fileRef = 41A68A4A2A1C8AC5002E3590 /* Assets.xcassets */; };
		41A68A4E2A1C8AC5002E3590 /* LaunchScreen.storyboard in Resources */ = {isa = PBXBuildFile; fileRef = 41A68A4C2A1C8AC5002E3590 /* LaunchScreen.storyboard */; };
		41A68A592A1C8AC5002E3590 /* Practice_WorkspaceTests.swift in Sources */ = {isa = PBXBuildFile; fileRef = 41A68A582A1C8AC5002E3590 /* Practice_WorkspaceTests.swift */; };
		41A68A632A1C8AC5002E3590 /* Practice_WorkspaceUITests.swift in Sources */ = {isa = PBXBuildFile; fileRef = 41A68A622A1C8AC5002E3590 /* Practice_WorkspaceUITests.swift */; };
		41A68A652A1C8AC5002E3590 /* Practice_WorkspaceUITestsLaunchTests.swift in Sources */ = {isa = PBXBuildFile; fileRef = 41A68A642A1C8AC5002E3590 /* Practice_WorkspaceUITestsLaunchTests.swift */; };
		41A68A732A1C8BF2002E3590 /* PostRequestViewController.swift in Sources */ = {isa = PBXBuildFile; fileRef = 41A68A722A1C8BF2002E3590 /* PostRequestViewController.swift */; };
		54E0F3022F7AA3A32274843D /* Pods_Practice_WorkspaceTests.framework in Frameworks */ = {isa = PBXBuildFile; fileRef = 5423041A9285A63E5596AC63 /* Pods_Practice_WorkspaceTests.framework */; };
		8037CB729D562466E7410C1D /* Pods_Practice_Workspace_Practice_WorkspaceUITests.framework in Frameworks */ = {isa = PBXBuildFile; fileRef = 5CF4D1CE16ED306A4DFD7F2A /* Pods_Practice_Workspace_Practice_WorkspaceUITests.framework */; };
		C683D522B320A26713562E59 /* Pods_Practice_Workspace.framework in Frameworks */ = {isa = PBXBuildFile; fileRef = 31FBA9DE9B785BBE3FBAC806 /* Pods_Practice_Workspace.framework */; };
/* End PBXBuildFile section */

/* Begin PBXContainerItemProxy section */
		41A68A552A1C8AC5002E3590 /* PBXContainerItemProxy */ = {
			isa = PBXContainerItemProxy;
			containerPortal = 41A68A362A1C8AC1002E3590 /* Project object */;
			proxyType = 1;
			remoteGlobalIDString = 41A68A3D2A1C8AC2002E3590;
			remoteInfo = "Practice Workspace";
		};
		41A68A5F2A1C8AC5002E3590 /* PBXContainerItemProxy */ = {
			isa = PBXContainerItemProxy;
			containerPortal = 41A68A362A1C8AC1002E3590 /* Project object */;
			proxyType = 1;
			remoteGlobalIDString = 41A68A3D2A1C8AC2002E3590;
			remoteInfo = "Practice Workspace";
		};
/* End PBXContainerItemProxy section */

/* Begin PBXFileReference section */
		222972D57AF06F5AB0558194 /* Pods-Practice Workspace-Practice WorkspaceUITests.debug.xcconfig */ = {isa = PBXFileReference; includeInIndex = 1; lastKnownFileType = text.xcconfig; name = "Pods-Practice Workspace-Practice WorkspaceUITests.debug.xcconfig"; path = "Target Support Files/Pods-Practice Workspace-Practice WorkspaceUITests/Pods-Practice Workspace-Practice WorkspaceUITests.debug.xcconfig"; sourceTree = "<group>"; };
		31FBA9DE9B785BBE3FBAC806 /* Pods_Practice_Workspace.framework */ = {isa = PBXFileReference; explicitFileType = wrapper.framework; includeInIndex = 0; path = Pods_Practice_Workspace.framework; sourceTree = BUILT_PRODUCTS_DIR; };
		38CE05F047B3FAB39FD7FBFE /* Pods-Practice Workspace-Practice WorkspaceUITests.release.xcconfig */ = {isa = PBXFileReference; includeInIndex = 1; lastKnownFileType = text.xcconfig; name = "Pods-Practice Workspace-Practice WorkspaceUITests.release.xcconfig"; path = "Target Support Files/Pods-Practice Workspace-Practice WorkspaceUITests/Pods-Practice Workspace-Practice WorkspaceUITests.release.xcconfig"; sourceTree = "<group>"; };
		3CDB74CBE204FECD3C0F27C7 /* Pods-Practice Workspace.debug.xcconfig */ = {isa = PBXFileReference; includeInIndex = 1; lastKnownFileType = text.xcconfig; name = "Pods-Practice Workspace.debug.xcconfig"; path = "Target Support Files/Pods-Practice Workspace/Pods-Practice Workspace.debug.xcconfig"; sourceTree = "<group>"; };
		415E3FF72A29AB5D00C14AE9 /* PostRequest.swift */ = {isa = PBXFileReference; lastKnownFileType = sourcecode.swift; path = PostRequest.swift; sourceTree = "<group>"; };
		419095D42A2467710006CB27 /* TabeViewController.swift */ = {isa = PBXFileReference; lastKnownFileType = sourcecode.swift; path = TabeViewController.swift; sourceTree = "<group>"; };
		419095D62A2467FB0006CB27 /* TableViewCell.swift */ = {isa = PBXFileReference; lastKnownFileType = sourcecode.swift; path = TableViewCell.swift; sourceTree = "<group>"; };
		419095D82A246AAE0006CB27 /* DataModel.swift */ = {isa = PBXFileReference; lastKnownFileType = sourcecode.swift; path = DataModel.swift; sourceTree = "<group>"; };
		419095DA2A2472F30006CB27 /* TableViewModel.swift */ = {isa = PBXFileReference; lastKnownFileType = sourcecode.swift; path = TableViewModel.swift; sourceTree = "<group>"; };
		41A68A3E2A1C8AC2002E3590 /* Practice Workspace.app */ = {isa = PBXFileReference; explicitFileType = wrapper.application; includeInIndex = 0; path = "Practice Workspace.app"; sourceTree = BUILT_PRODUCTS_DIR; };
		41A68A412A1C8AC2002E3590 /* AppDelegate.swift */ = {isa = PBXFileReference; lastKnownFileType = sourcecode.swift; path = AppDelegate.swift; sourceTree = "<group>"; };
		41A68A432A1C8AC2002E3590 /* SceneDelegate.swift */ = {isa = PBXFileReference; lastKnownFileType = sourcecode.swift; path = SceneDelegate.swift; sourceTree = "<group>"; };
		41A68A482A1C8AC2002E3590 /* Base */ = {isa = PBXFileReference; lastKnownFileType = file.storyboard; name = Base; path = Base.lproj/Main.storyboard; sourceTree = "<group>"; };
		41A68A4A2A1C8AC5002E3590 /* Assets.xcassets */ = {isa = PBXFileReference; lastKnownFileType = folder.assetcatalog; path = Assets.xcassets; sourceTree = "<group>"; };
		41A68A4D2A1C8AC5002E3590 /* Base */ = {isa = PBXFileReference; lastKnownFileType = file.storyboard; name = Base; path = Base.lproj/LaunchScreen.storyboard; sourceTree = "<group>"; };
		41A68A4F2A1C8AC5002E3590 /* Info.plist */ = {isa = PBXFileReference; lastKnownFileType = text.plist.xml; path = Info.plist; sourceTree = "<group>"; };
		41A68A542A1C8AC5002E3590 /* Practice WorkspaceTests.xctest */ = {isa = PBXFileReference; explicitFileType = wrapper.cfbundle; includeInIndex = 0; path = "Practice WorkspaceTests.xctest"; sourceTree = BUILT_PRODUCTS_DIR; };
		41A68A582A1C8AC5002E3590 /* Practice_WorkspaceTests.swift */ = {isa = PBXFileReference; lastKnownFileType = sourcecode.swift; path = Practice_WorkspaceTests.swift; sourceTree = "<group>"; };
		41A68A5E2A1C8AC5002E3590 /* Practice WorkspaceUITests.xctest */ = {isa = PBXFileReference; explicitFileType = wrapper.cfbundle; includeInIndex = 0; path = "Practice WorkspaceUITests.xctest"; sourceTree = BUILT_PRODUCTS_DIR; };
		41A68A622A1C8AC5002E3590 /* Practice_WorkspaceUITests.swift */ = {isa = PBXFileReference; lastKnownFileType = sourcecode.swift; path = Practice_WorkspaceUITests.swift; sourceTree = "<group>"; };
		41A68A642A1C8AC5002E3590 /* Practice_WorkspaceUITestsLaunchTests.swift */ = {isa = PBXFileReference; lastKnownFileType = sourcecode.swift; path = Practice_WorkspaceUITestsLaunchTests.swift; sourceTree = "<group>"; };
		41A68A722A1C8BF2002E3590 /* PostRequestViewController.swift */ = {isa = PBXFileReference; lastKnownFileType = sourcecode.swift; path = PostRequestViewController.swift; sourceTree = "<group>"; };
		5423041A9285A63E5596AC63 /* Pods_Practice_WorkspaceTests.framework */ = {isa = PBXFileReference; explicitFileType = wrapper.framework; includeInIndex = 0; path = Pods_Practice_WorkspaceTests.framework; sourceTree = BUILT_PRODUCTS_DIR; };
		5CF4D1CE16ED306A4DFD7F2A /* Pods_Practice_Workspace_Practice_WorkspaceUITests.framework */ = {isa = PBXFileReference; explicitFileType = wrapper.framework; includeInIndex = 0; path = Pods_Practice_Workspace_Practice_WorkspaceUITests.framework; sourceTree = BUILT_PRODUCTS_DIR; };
		72ABDDA16007622E17E2C746 /* Pods-Practice WorkspaceTests.debug.xcconfig */ = {isa = PBXFileReference; includeInIndex = 1; lastKnownFileType = text.xcconfig; name = "Pods-Practice WorkspaceTests.debug.xcconfig"; path = "Target Support Files/Pods-Practice WorkspaceTests/Pods-Practice WorkspaceTests.debug.xcconfig"; sourceTree = "<group>"; };
		820A4874742C62A96423C66C /* Pods-Practice WorkspaceTests.release.xcconfig */ = {isa = PBXFileReference; includeInIndex = 1; lastKnownFileType = text.xcconfig; name = "Pods-Practice WorkspaceTests.release.xcconfig"; path = "Target Support Files/Pods-Practice WorkspaceTests/Pods-Practice WorkspaceTests.release.xcconfig"; sourceTree = "<group>"; };
		E402BC4551E61F7384BA1FE7 /* Pods-Practice Workspace.release.xcconfig */ = {isa = PBXFileReference; includeInIndex = 1; lastKnownFileType = text.xcconfig; name = "Pods-Practice Workspace.release.xcconfig"; path = "Target Support Files/Pods-Practice Workspace/Pods-Practice Workspace.release.xcconfig"; sourceTree = "<group>"; };
/* End PBXFileReference section */

/* Begin PBXFrameworksBuildPhase section */
		41A68A3B2A1C8AC2002E3590 /* Frameworks */ = {
			isa = PBXFrameworksBuildPhase;
			buildActionMask = 2147483647;
			files = (
				C683D522B320A26713562E59 /* Pods_Practice_Workspace.framework in Frameworks */,
			);
			runOnlyForDeploymentPostprocessing = 0;
		};
		41A68A512A1C8AC5002E3590 /* Frameworks */ = {
			isa = PBXFrameworksBuildPhase;
			buildActionMask = 2147483647;
			files = (
				54E0F3022F7AA3A32274843D /* Pods_Practice_WorkspaceTests.framework in Frameworks */,
			);
			runOnlyForDeploymentPostprocessing = 0;
		};
		41A68A5B2A1C8AC5002E3590 /* Frameworks */ = {
			isa = PBXFrameworksBuildPhase;
			buildActionMask = 2147483647;
			files = (
				8037CB729D562466E7410C1D /* Pods_Practice_Workspace_Practice_WorkspaceUITests.framework in Frameworks */,
			);
			runOnlyForDeploymentPostprocessing = 0;
		};
/* End PBXFrameworksBuildPhase section */

/* Begin PBXGroup section */
		415E3FF62A29AB4600C14AE9 /* Practice Folder */ = {
			isa = PBXGroup;
			children = (
				415E3FF72A29AB5D00C14AE9 /* PostRequest.swift */,
			);
			path = "Practice Folder";
			sourceTree = "<group>";
		};
		419095D32A24675C0006CB27 /* TableView */ = {
			isa = PBXGroup;
			children = (
				419095D42A2467710006CB27 /* TabeViewController.swift */,
				419095DA2A2472F30006CB27 /* TableViewModel.swift */,
				419095D62A2467FB0006CB27 /* TableViewCell.swift */,
				419095D82A246AAE0006CB27 /* DataModel.swift */,
			);
			name = TableView;
			sourceTree = "<group>";
		};
		41A68A352A1C8AC1002E3590 = {
			isa = PBXGroup;
			children = (
				41A68A402A1C8AC2002E3590 /* Practice Workspace */,
				41A68A572A1C8AC5002E3590 /* Practice WorkspaceTests */,
				41A68A612A1C8AC5002E3590 /* Practice WorkspaceUITests */,
				41A68A3F2A1C8AC2002E3590 /* Products */,
				CB8CD898177F2854208BA0C8 /* Pods */,
				B8ED90457CA851D487209751 /* Frameworks */,
			);
			sourceTree = "<group>";
		};
		41A68A3F2A1C8AC2002E3590 /* Products */ = {
			isa = PBXGroup;
			children = (
				41A68A3E2A1C8AC2002E3590 /* Practice Workspace.app */,
				41A68A542A1C8AC5002E3590 /* Practice WorkspaceTests.xctest */,
				41A68A5E2A1C8AC5002E3590 /* Practice WorkspaceUITests.xctest */,
			);
			name = Products;
			sourceTree = "<group>";
		};
		41A68A402A1C8AC2002E3590 /* Practice Workspace */ = {
			isa = PBXGroup;
			children = (
				415E3FF62A29AB4600C14AE9 /* Practice Folder */,
				419095D32A24675C0006CB27 /* TableView */,
				41A68A712A1C8BD9002E3590 /* POST Request */,
				41A68A412A1C8AC2002E3590 /* AppDelegate.swift */,
				41A68A432A1C8AC2002E3590 /* SceneDelegate.swift */,
				41A68A472A1C8AC2002E3590 /* Main.storyboard */,
				41A68A4A2A1C8AC5002E3590 /* Assets.xcassets */,
				41A68A4C2A1C8AC5002E3590 /* LaunchScreen.storyboard */,
				41A68A4F2A1C8AC5002E3590 /* Info.plist */,
			);
			path = "Practice Workspace";
			sourceTree = "<group>";
		};
		41A68A572A1C8AC5002E3590 /* Practice WorkspaceTests */ = {
			isa = PBXGroup;
			children = (
				41A68A582A1C8AC5002E3590 /* Practice_WorkspaceTests.swift */,
			);
			path = "Practice WorkspaceTests";
			sourceTree = "<group>";
		};
		41A68A612A1C8AC5002E3590 /* Practice WorkspaceUITests */ = {
			isa = PBXGroup;
			children = (
				41A68A622A1C8AC5002E3590 /* Practice_WorkspaceUITests.swift */,
				41A68A642A1C8AC5002E3590 /* Practice_WorkspaceUITestsLaunchTests.swift */,
			);
			path = "Practice WorkspaceUITests";
			sourceTree = "<group>";
		};
		41A68A712A1C8BD9002E3590 /* POST Request */ = {
			isa = PBXGroup;
			children = (
				41A68A722A1C8BF2002E3590 /* PostRequestViewController.swift */,
			);
			path = "POST Request";
			sourceTree = "<group>";
		};
		B8ED90457CA851D487209751 /* Frameworks */ = {
			isa = PBXGroup;
			children = (
				31FBA9DE9B785BBE3FBAC806 /* Pods_Practice_Workspace.framework */,
				5CF4D1CE16ED306A4DFD7F2A /* Pods_Practice_Workspace_Practice_WorkspaceUITests.framework */,
				5423041A9285A63E5596AC63 /* Pods_Practice_WorkspaceTests.framework */,
			);
			name = Frameworks;
			sourceTree = "<group>";
		};
		CB8CD898177F2854208BA0C8 /* Pods */ = {
			isa = PBXGroup;
			children = (
				3CDB74CBE204FECD3C0F27C7 /* Pods-Practice Workspace.debug.xcconfig */,
				E402BC4551E61F7384BA1FE7 /* Pods-Practice Workspace.release.xcconfig */,
				222972D57AF06F5AB0558194 /* Pods-Practice Workspace-Practice WorkspaceUITests.debug.xcconfig */,
				38CE05F047B3FAB39FD7FBFE /* Pods-Practice Workspace-Practice WorkspaceUITests.release.xcconfig */,
				72ABDDA16007622E17E2C746 /* Pods-Practice WorkspaceTests.debug.xcconfig */,
				820A4874742C62A96423C66C /* Pods-Practice WorkspaceTests.release.xcconfig */,
			);
			path = Pods;
			sourceTree = "<group>";
		};
/* End PBXGroup section */

/* Begin PBXNativeTarget section */
		41A68A3D2A1C8AC2002E3590 /* Practice Workspace */ = {
			isa = PBXNativeTarget;
			buildConfigurationList = 41A68A682A1C8AC5002E3590 /* Build configuration list for PBXNativeTarget "Practice Workspace" */;
			buildPhases = (
				990C3870030C12649B25648B /* [CP] Check Pods Manifest.lock */,
				41A68A3A2A1C8AC2002E3590 /* Sources */,
				41A68A3B2A1C8AC2002E3590 /* Frameworks */,
				41A68A3C2A1C8AC2002E3590 /* Resources */,
				06C7B47012FA52C6E1423526 /* [CP] Embed Pods Frameworks */,
			);
			buildRules = (
			);
			dependencies = (
			);
			name = "Practice Workspace";
			productName = "Practice Workspace";
			productReference = 41A68A3E2A1C8AC2002E3590 /* Practice Workspace.app */;
			productType = "com.apple.product-type.application";
		};
		41A68A532A1C8AC5002E3590 /* Practice WorkspaceTests */ = {
			isa = PBXNativeTarget;
			buildConfigurationList = 41A68A6B2A1C8AC5002E3590 /* Build configuration list for PBXNativeTarget "Practice WorkspaceTests" */;
			buildPhases = (
				32A2A4D038FA6B7EFA6473EA /* [CP] Check Pods Manifest.lock */,
				41A68A502A1C8AC5002E3590 /* Sources */,
				41A68A512A1C8AC5002E3590 /* Frameworks */,
				41A68A522A1C8AC5002E3590 /* Resources */,
			);
			buildRules = (
			);
			dependencies = (
				41A68A562A1C8AC5002E3590 /* PBXTargetDependency */,
			);
			name = "Practice WorkspaceTests";
			productName = "Practice WorkspaceTests";
			productReference = 41A68A542A1C8AC5002E3590 /* Practice WorkspaceTests.xctest */;
			productType = "com.apple.product-type.bundle.unit-test";
		};
		41A68A5D2A1C8AC5002E3590 /* Practice WorkspaceUITests */ = {
			isa = PBXNativeTarget;
			buildConfigurationList = 41A68A6E2A1C8AC5002E3590 /* Build configuration list for PBXNativeTarget "Practice WorkspaceUITests" */;
			buildPhases = (
				0EA84701753AA1E571EAF0D1 /* [CP] Check Pods Manifest.lock */,
				41A68A5A2A1C8AC5002E3590 /* Sources */,
				41A68A5B2A1C8AC5002E3590 /* Frameworks */,
				41A68A5C2A1C8AC5002E3590 /* Resources */,
				247D6DC6BAC3E6F77E09FCC1 /* [CP] Embed Pods Frameworks */,
			);
			buildRules = (
			);
			dependencies = (
				41A68A602A1C8AC5002E3590 /* PBXTargetDependency */,
			);
			name = "Practice WorkspaceUITests";
			productName = "Practice WorkspaceUITests";
			productReference = 41A68A5E2A1C8AC5002E3590 /* Practice WorkspaceUITests.xctest */;
			productType = "com.apple.product-type.bundle.ui-testing";
		};
/* End PBXNativeTarget section */

/* Begin PBXProject section */
		41A68A362A1C8AC1002E3590 /* Project object */ = {
			isa = PBXProject;
			attributes = {
				BuildIndependentTargetsInParallel = 1;
				LastSwiftUpdateCheck = 1420;
				LastUpgradeCheck = 1420;
				TargetAttributes = {
					41A68A3D2A1C8AC2002E3590 = {
						CreatedOnToolsVersion = 14.2;
					};
					41A68A532A1C8AC5002E3590 = {
						CreatedOnToolsVersion = 14.2;
						TestTargetID = 41A68A3D2A1C8AC2002E3590;
					};
					41A68A5D2A1C8AC5002E3590 = {
						CreatedOnToolsVersion = 14.2;
						TestTargetID = 41A68A3D2A1C8AC2002E3590;
					};
				};
			};
			buildConfigurationList = 41A68A392A1C8AC1002E3590 /* Build configuration list for PBXProject "Practice Workspace" */;
			compatibilityVersion = "Xcode 14.0";
			developmentRegion = en;
			hasScannedForEncodings = 0;
			knownRegions = (
				en,
				Base,
			);
			mainGroup = 41A68A352A1C8AC1002E3590;
			productRefGroup = 41A68A3F2A1C8AC2002E3590 /* Products */;
			projectDirPath = "";
			projectRoot = "";
			targets = (
				41A68A3D2A1C8AC2002E3590 /* Practice Workspace */,
				41A68A532A1C8AC5002E3590 /* Practice WorkspaceTests */,
				41A68A5D2A1C8AC5002E3590 /* Practice WorkspaceUITests */,
			);
		};
/* End PBXProject section */

/* Begin PBXResourcesBuildPhase section */
		41A68A3C2A1C8AC2002E3590 /* Resources */ = {
			isa = PBXResourcesBuildPhase;
			buildActionMask = 2147483647;
			files = (
				41A68A4E2A1C8AC5002E3590 /* LaunchScreen.storyboard in Resources */,
				41A68A4B2A1C8AC5002E3590 /* Assets.xcassets in Resources */,
				41A68A492A1C8AC2002E3590 /* Main.storyboard in Resources */,
			);
			runOnlyForDeploymentPostprocessing = 0;
		};
		41A68A522A1C8AC5002E3590 /* Resources */ = {
			isa = PBXResourcesBuildPhase;
			buildActionMask = 2147483647;
			files = (
			);
			runOnlyForDeploymentPostprocessing = 0;
		};
		41A68A5C2A1C8AC5002E3590 /* Resources */ = {
			isa = PBXResourcesBuildPhase;
			buildActionMask = 2147483647;
			files = (
			);
			runOnlyForDeploymentPostprocessing = 0;
		};
/* End PBXResourcesBuildPhase section */

/* Begin PBXShellScriptBuildPhase section */
		06C7B47012FA52C6E1423526 /* [CP] Embed Pods Frameworks */ = {
			isa = PBXShellScriptBuildPhase;
			buildActionMask = 2147483647;
			files = (
			);
			inputFileListPaths = (
				"${PODS_ROOT}/Target Support Files/Pods-Practice Workspace/Pods-Practice Workspace-frameworks-${CONFIGURATION}-input-files.xcfilelist",
			);
			name = "[CP] Embed Pods Frameworks";
			outputFileListPaths = (
				"${PODS_ROOT}/Target Support Files/Pods-Practice Workspace/Pods-Practice Workspace-frameworks-${CONFIGURATION}-output-files.xcfilelist",
			);
			runOnlyForDeploymentPostprocessing = 0;
			shellPath = /bin/sh;
			shellScript = "\"${PODS_ROOT}/Target Support Files/Pods-Practice Workspace/Pods-Practice Workspace-frameworks.sh\"\n";
			showEnvVarsInLog = 0;
		};
		0EA84701753AA1E571EAF0D1 /* [CP] Check Pods Manifest.lock */ = {
			isa = PBXShellScriptBuildPhase;
			buildActionMask = 2147483647;
			files = (
			);
			inputFileListPaths = (
			);
			inputPaths = (
				"${PODS_PODFILE_DIR_PATH}/Podfile.lock",
				"${PODS_ROOT}/Manifest.lock",
			);
			name = "[CP] Check Pods Manifest.lock";
			outputFileListPaths = (
			);
			outputPaths = (
				"$(DERIVED_FILE_DIR)/Pods-Practice Workspace-Practice WorkspaceUITests-checkManifestLockResult.txt",
			);
			runOnlyForDeploymentPostprocessing = 0;
			shellPath = /bin/sh;
			shellScript = "diff \"${PODS_PODFILE_DIR_PATH}/Podfile.lock\" \"${PODS_ROOT}/Manifest.lock\" > /dev/null\nif [ $? != 0 ] ; then\n    # print error to STDERR\n    echo \"error: The sandbox is not in sync with the Podfile.lock. Run 'pod install' or update your CocoaPods installation.\" >&2\n    exit 1\nfi\n# This output is used by Xcode 'outputs' to avoid re-running this script phase.\necho \"SUCCESS\" > \"${SCRIPT_OUTPUT_FILE_0}\"\n";
			showEnvVarsInLog = 0;
		};
		247D6DC6BAC3E6F77E09FCC1 /* [CP] Embed Pods Frameworks */ = {
			isa = PBXShellScriptBuildPhase;
			buildActionMask = 2147483647;
			files = (
			);
			inputFileListPaths = (
				"${PODS_ROOT}/Target Support Files/Pods-Practice Workspace-Practice WorkspaceUITests/Pods-Practice Workspace-Practice WorkspaceUITests-frameworks-${CONFIGURATION}-input-files.xcfilelist",
			);
			name = "[CP] Embed Pods Frameworks";
			outputFileListPaths = (
				"${PODS_ROOT}/Target Support Files/Pods-Practice Workspace-Practice WorkspaceUITests/Pods-Practice Workspace-Practice WorkspaceUITests-frameworks-${CONFIGURATION}-output-files.xcfilelist",
			);
			runOnlyForDeploymentPostprocessing = 0;
			shellPath = /bin/sh;
			shellScript = "\"${PODS_ROOT}/Target Support Files/Pods-Practice Workspace-Practice WorkspaceUITests/Pods-Practice Workspace-Practice WorkspaceUITests-frameworks.sh\"\n";
			showEnvVarsInLog = 0;
		};
		32A2A4D038FA6B7EFA6473EA /* [CP] Check Pods Manifest.lock */ = {
			isa = PBXShellScriptBuildPhase;
			buildActionMask = 2147483647;
			files = (
			);
			inputFileListPaths = (
			);
			inputPaths = (
				"${PODS_PODFILE_DIR_PATH}/Podfile.lock",
				"${PODS_ROOT}/Manifest.lock",
			);
			name = "[CP] Check Pods Manifest.lock";
			outputFileListPaths = (
			);
			outputPaths = (
				"$(DERIVED_FILE_DIR)/Pods-Practice WorkspaceTests-checkManifestLockResult.txt",
			);
			runOnlyForDeploymentPostprocessing = 0;
			shellPath = /bin/sh;
			shellScript = "diff \"${PODS_PODFILE_DIR_PATH}/Podfile.lock\" \"${PODS_ROOT}/Manifest.lock\" > /dev/null\nif [ $? != 0 ] ; then\n    # print error to STDERR\n    echo \"error: The sandbox is not in sync with the Podfile.lock. Run 'pod install' or update your CocoaPods installation.\" >&2\n    exit 1\nfi\n# This output is used by Xcode 'outputs' to avoid re-running this script phase.\necho \"SUCCESS\" > \"${SCRIPT_OUTPUT_FILE_0}\"\n";
			showEnvVarsInLog = 0;
		};
		990C3870030C12649B25648B /* [CP] Check Pods Manifest.lock */ = {
			isa = PBXShellScriptBuildPhase;
			buildActionMask = 2147483647;
			files = (
			);
			inputFileListPaths = (
			);
			inputPaths = (
				"${PODS_PODFILE_DIR_PATH}/Podfile.lock",
				"${PODS_ROOT}/Manifest.lock",
			);
			name = "[CP] Check Pods Manifest.lock";
			outputFileListPaths = (
			);
			outputPaths = (
				"$(DERIVED_FILE_DIR)/Pods-Practice Workspace-checkManifestLockResult.txt",
			);
			runOnlyForDeploymentPostprocessing = 0;
			shellPath = /bin/sh;
			shellScript = "diff \"${PODS_PODFILE_DIR_PATH}/Podfile.lock\" \"${PODS_ROOT}/Manifest.lock\" > /dev/null\nif [ $? != 0 ] ; then\n    # print error to STDERR\n    echo \"error: The sandbox is not in sync with the Podfile.lock. Run 'pod install' or update your CocoaPods installation.\" >&2\n    exit 1\nfi\n# This output is used by Xcode 'outputs' to avoid re-running this script phase.\necho \"SUCCESS\" > \"${SCRIPT_OUTPUT_FILE_0}\"\n";
			showEnvVarsInLog = 0;
		};
/* End PBXShellScriptBuildPhase section */

/* Begin PBXSourcesBuildPhase section */
		41A68A3A2A1C8AC2002E3590 /* Sources */ = {
			isa = PBXSourcesBuildPhase;
			buildActionMask = 2147483647;
			files = (
				419095D72A2467FB0006CB27 /* TableViewCell.swift in Sources */,
				419095DB2A2472F30006CB27 /* TableViewModel.swift in Sources */,
				41A68A732A1C8BF2002E3590 /* PostRequestViewController.swift in Sources */,
				415E3FF82A29AB5D00C14AE9 /* PostRequest.swift in Sources */,
				41A68A422A1C8AC2002E3590 /* AppDelegate.swift in Sources */,
				419095D52A2467710006CB27 /* TabeViewController.swift in Sources */,
				41A68A442A1C8AC2002E3590 /* SceneDelegate.swift in Sources */,
				419095D92A246AAE0006CB27 /* DataModel.swift in Sources */,
			);
			runOnlyForDeploymentPostprocessing = 0;
		};
		41A68A502A1C8AC5002E3590 /* Sources */ = {
			isa = PBXSourcesBuildPhase;
			buildActionMask = 2147483647;
			files = (
				41A68A592A1C8AC5002E3590 /* Practice_WorkspaceTests.swift in Sources */,
			);
			runOnlyForDeploymentPostprocessing = 0;
		};
		41A68A5A2A1C8AC5002E3590 /* Sources */ = {
			isa = PBXSourcesBuildPhase;
			buildActionMask = 2147483647;
			files = (
				41A68A632A1C8AC5002E3590 /* Practice_WorkspaceUITests.swift in Sources */,
				41A68A652A1C8AC5002E3590 /* Practice_WorkspaceUITestsLaunchTests.swift in Sources */,
			);
			runOnlyForDeploymentPostprocessing = 0;
		};
/* End PBXSourcesBuildPhase section */

/* Begin PBXTargetDependency section */
		41A68A562A1C8AC5002E3590 /* PBXTargetDependency */ = {
			isa = PBXTargetDependency;
			target = 41A68A3D2A1C8AC2002E3590 /* Practice Workspace */;
			targetProxy = 41A68A552A1C8AC5002E3590 /* PBXContainerItemProxy */;
		};
		41A68A602A1C8AC5002E3590 /* PBXTargetDependency */ = {
			isa = PBXTargetDependency;
			target = 41A68A3D2A1C8AC2002E3590 /* Practice Workspace */;
			targetProxy = 41A68A5F2A1C8AC5002E3590 /* PBXContainerItemProxy */;
		};
/* End PBXTargetDependency section */

/* Begin PBXVariantGroup section */
		41A68A472A1C8AC2002E3590 /* Main.storyboard */ = {
			isa = PBXVariantGroup;
			children = (
				41A68A482A1C8AC2002E3590 /* Base */,
			);
			name = Main.storyboard;
			sourceTree = "<group>";
		};
		41A68A4C2A1C8AC5002E3590 /* LaunchScreen.storyboard */ = {
			isa = PBXVariantGroup;
			children = (
				41A68A4D2A1C8AC5002E3590 /* Base */,
			);
			name = LaunchScreen.storyboard;
			sourceTree = "<group>";
		};
/* End PBXVariantGroup section */

/* Begin XCBuildConfiguration section */
		41A68A662A1C8AC5002E3590 /* Debug */ = {
			isa = XCBuildConfiguration;
			buildSettings = {
				ALWAYS_SEARCH_USER_PATHS = NO;
				CLANG_ANALYZER_NONNULL = YES;
				CLANG_ANALYZER_NUMBER_OBJECT_CONVERSION = YES_AGGRESSIVE;
				CLANG_CXX_LANGUAGE_STANDARD = "gnu++20";
				CLANG_ENABLE_MODULES = YES;
				CLANG_ENABLE_OBJC_ARC = YES;
				CLANG_ENABLE_OBJC_WEAK = YES;
				CLANG_WARN_BLOCK_CAPTURE_AUTORELEASING = YES;
				CLANG_WARN_BOOL_CONVERSION = YES;
				CLANG_WARN_COMMA = YES;
				CLANG_WARN_CONSTANT_CONVERSION = YES;
				CLANG_WARN_DEPRECATED_OBJC_IMPLEMENTATIONS = YES;
				CLANG_WARN_DIRECT_OBJC_ISA_USAGE = YES_ERROR;
				CLANG_WARN_DOCUMENTATION_COMMENTS = YES;
				CLANG_WARN_EMPTY_BODY = YES;
				CLANG_WARN_ENUM_CONVERSION = YES;
				CLANG_WARN_INFINITE_RECURSION = YES;
				CLANG_WARN_INT_CONVERSION = YES;
				CLANG_WARN_NON_LITERAL_NULL_CONVERSION = YES;
				CLANG_WARN_OBJC_IMPLICIT_RETAIN_SELF = YES;
				CLANG_WARN_OBJC_LITERAL_CONVERSION = YES;
				CLANG_WARN_OBJC_ROOT_CLASS = YES_ERROR;
				CLANG_WARN_QUOTED_INCLUDE_IN_FRAMEWORK_HEADER = YES;
				CLANG_WARN_RANGE_LOOP_ANALYSIS = YES;
				CLANG_WARN_STRICT_PROTOTYPES = YES;
				CLANG_WARN_SUSPICIOUS_MOVE = YES;
				CLANG_WARN_UNGUARDED_AVAILABILITY = YES_AGGRESSIVE;
				CLANG_WARN_UNREACHABLE_CODE = YES;
				CLANG_WARN__DUPLICATE_METHOD_MATCH = YES;
				COPY_PHASE_STRIP = NO;
				DEBUG_INFORMATION_FORMAT = dwarf;
				ENABLE_STRICT_OBJC_MSGSEND = YES;
				ENABLE_TESTABILITY = YES;
				GCC_C_LANGUAGE_STANDARD = gnu11;
				GCC_DYNAMIC_NO_PIC = NO;
				GCC_NO_COMMON_BLOCKS = YES;
				GCC_OPTIMIZATION_LEVEL = 0;
				GCC_PREPROCESSOR_DEFINITIONS = (
					"DEBUG=1",
					"$(inherited)",
				);
				GCC_WARN_64_TO_32_BIT_CONVERSION = YES;
				GCC_WARN_ABOUT_RETURN_TYPE = YES_ERROR;
				GCC_WARN_UNDECLARED_SELECTOR = YES;
				GCC_WARN_UNINITIALIZED_AUTOS = YES_AGGRESSIVE;
				GCC_WARN_UNUSED_FUNCTION = YES;
				GCC_WARN_UNUSED_VARIABLE = YES;
				IPHONEOS_DEPLOYMENT_TARGET = 16.2;
				MTL_ENABLE_DEBUG_INFO = INCLUDE_SOURCE;
				MTL_FAST_MATH = YES;
				ONLY_ACTIVE_ARCH = YES;
				SDKROOT = iphoneos;
				SWIFT_ACTIVE_COMPILATION_CONDITIONS = DEBUG;
				SWIFT_OPTIMIZATION_LEVEL = "-Onone";
			};
			name = Debug;
		};
		41A68A672A1C8AC5002E3590 /* Release */ = {
			isa = XCBuildConfiguration;
			buildSettings = {
				ALWAYS_SEARCH_USER_PATHS = NO;
				CLANG_ANALYZER_NONNULL = YES;
				CLANG_ANALYZER_NUMBER_OBJECT_CONVERSION = YES_AGGRESSIVE;
				CLANG_CXX_LANGUAGE_STANDARD = "gnu++20";
				CLANG_ENABLE_MODULES = YES;
				CLANG_ENABLE_OBJC_ARC = YES;
				CLANG_ENABLE_OBJC_WEAK = YES;
				CLANG_WARN_BLOCK_CAPTURE_AUTORELEASING = YES;
				CLANG_WARN_BOOL_CONVERSION = YES;
				CLANG_WARN_COMMA = YES;
				CLANG_WARN_CONSTANT_CONVERSION = YES;
				CLANG_WARN_DEPRECATED_OBJC_IMPLEMENTATIONS = YES;
				CLANG_WARN_DIRECT_OBJC_ISA_USAGE = YES_ERROR;
				CLANG_WARN_DOCUMENTATION_COMMENTS = YES;
				CLANG_WARN_EMPTY_BODY = YES;
				CLANG_WARN_ENUM_CONVERSION = YES;
				CLANG_WARN_INFINITE_RECURSION = YES;
				CLANG_WARN_INT_CONVERSION = YES;
				CLANG_WARN_NON_LITERAL_NULL_CONVERSION = YES;
				CLANG_WARN_OBJC_IMPLICIT_RETAIN_SELF = YES;
				CLANG_WARN_OBJC_LITERAL_CONVERSION = YES;
				CLANG_WARN_OBJC_ROOT_CLASS = YES_ERROR;
				CLANG_WARN_QUOTED_INCLUDE_IN_FRAMEWORK_HEADER = YES;
				CLANG_WARN_RANGE_LOOP_ANALYSIS = YES;
				CLANG_WARN_STRICT_PROTOTYPES = YES;
				CLANG_WARN_SUSPICIOUS_MOVE = YES;
				CLANG_WARN_UNGUARDED_AVAILABILITY = YES_AGGRESSIVE;
				CLANG_WARN_UNREACHABLE_CODE = YES;
				CLANG_WARN__DUPLICATE_METHOD_MATCH = YES;
				COPY_PHASE_STRIP = NO;
				DEBUG_INFORMATION_FORMAT = "dwarf-with-dsym";
				ENABLE_NS_ASSERTIONS = NO;
				ENABLE_STRICT_OBJC_MSGSEND = YES;
				GCC_C_LANGUAGE_STANDARD = gnu11;
				GCC_NO_COMMON_BLOCKS = YES;
				GCC_WARN_64_TO_32_BIT_CONVERSION = YES;
				GCC_WARN_ABOUT_RETURN_TYPE = YES_ERROR;
				GCC_WARN_UNDECLARED_SELECTOR = YES;
				GCC_WARN_UNINITIALIZED_AUTOS = YES_AGGRESSIVE;
				GCC_WARN_UNUSED_FUNCTION = YES;
				GCC_WARN_UNUSED_VARIABLE = YES;
				IPHONEOS_DEPLOYMENT_TARGET = 16.2;
				MTL_ENABLE_DEBUG_INFO = NO;
				MTL_FAST_MATH = YES;
				SDKROOT = iphoneos;
				SWIFT_COMPILATION_MODE = wholemodule;
				SWIFT_OPTIMIZATION_LEVEL = "-O";
				VALIDATE_PRODUCT = YES;
			};
			name = Release;
		};
		41A68A692A1C8AC5002E3590 /* Debug */ = {
			isa = XCBuildConfiguration;
			baseConfigurationReference = 3CDB74CBE204FECD3C0F27C7 /* Pods-Practice Workspace.debug.xcconfig */;
			buildSettings = {
				ASSETCATALOG_COMPILER_APPICON_NAME = AppIcon;
				ASSETCATALOG_COMPILER_GLOBAL_ACCENT_COLOR_NAME = AccentColor;
				CODE_SIGN_STYLE = Automatic;
				CURRENT_PROJECT_VERSION = 1;
				DEVELOPMENT_TEAM = 8A2XNZ3KVG;
				GENERATE_INFOPLIST_FILE = YES;
				INFOPLIST_FILE = "Practice Workspace/Info.plist";
				INFOPLIST_KEY_UIApplicationSupportsIndirectInputEvents = YES;
				INFOPLIST_KEY_UILaunchStoryboardName = LaunchScreen;
				INFOPLIST_KEY_UIMainStoryboardFile = Main;
				INFOPLIST_KEY_UISupportedInterfaceOrientations_iPad = "UIInterfaceOrientationPortrait UIInterfaceOrientationPortraitUpsideDown UIInterfaceOrientationLandscapeLeft UIInterfaceOrientationLandscapeRight";
				INFOPLIST_KEY_UISupportedInterfaceOrientations_iPhone = "UIInterfaceOrientationPortrait UIInterfaceOrientationLandscapeLeft UIInterfaceOrientationLandscapeRight";
				LD_RUNPATH_SEARCH_PATHS = (
					"$(inherited)",
					"@executable_path/Frameworks",
				);
				MARKETING_VERSION = 1.0;
				PRODUCT_BUNDLE_IDENTIFIER = "com.powerplay.Practice-Workspace";
				PRODUCT_NAME = "$(TARGET_NAME)";
				SWIFT_EMIT_LOC_STRINGS = YES;
				SWIFT_VERSION = 5.0;
				TARGETED_DEVICE_FAMILY = "1,2";
			};
			name = Debug;
		};
		41A68A6A2A1C8AC5002E3590 /* Release */ = {
			isa = XCBuildConfiguration;
			baseConfigurationReference = E402BC4551E61F7384BA1FE7 /* Pods-Practice Workspace.release.xcconfig */;
			buildSettings = {
				ASSETCATALOG_COMPILER_APPICON_NAME = AppIcon;
				ASSETCATALOG_COMPILER_GLOBAL_ACCENT_COLOR_NAME = AccentColor;
				CODE_SIGN_STYLE = Automatic;
				CURRENT_PROJECT_VERSION = 1;
				DEVELOPMENT_TEAM = 8A2XNZ3KVG;
				GENERATE_INFOPLIST_FILE = YES;
				INFOPLIST_FILE = "Practice Workspace/Info.plist";
				INFOPLIST_KEY_UIApplicationSupportsIndirectInputEvents = YES;
				INFOPLIST_KEY_UILaunchStoryboardName = LaunchScreen;
				INFOPLIST_KEY_UIMainStoryboardFile = Main;
				INFOPLIST_KEY_UISupportedInterfaceOrientations_iPad = "UIInterfaceOrientationPortrait UIInterfaceOrientationPortraitUpsideDown UIInterfaceOrientationLandscapeLeft UIInterfaceOrientationLandscapeRight";
				INFOPLIST_KEY_UISupportedInterfaceOrientations_iPhone = "UIInterfaceOrientationPortrait UIInterfaceOrientationLandscapeLeft UIInterfaceOrientationLandscapeRight";
				LD_RUNPATH_SEARCH_PATHS = (
					"$(inherited)",
					"@executable_path/Frameworks",
				);
				MARKETING_VERSION = 1.0;
				PRODUCT_BUNDLE_IDENTIFIER = "com.powerplay.Practice-Workspace";
				PRODUCT_NAME = "$(TARGET_NAME)";
				SWIFT_EMIT_LOC_STRINGS = YES;
				SWIFT_VERSION = 5.0;
				TARGETED_DEVICE_FAMILY = "1,2";
			};
			name = Release;
		};
		41A68A6C2A1C8AC5002E3590 /* Debug */ = {
			isa = XCBuildConfiguration;
			baseConfigurationReference = 72ABDDA16007622E17E2C746 /* Pods-Practice WorkspaceTests.debug.xcconfig */;
			buildSettings = {
				ALWAYS_EMBED_SWIFT_STANDARD_LIBRARIES = YES;
				BUNDLE_LOADER = "$(TEST_HOST)";
				CODE_SIGN_STYLE = Automatic;
				CURRENT_PROJECT_VERSION = 1;
				DEVELOPMENT_TEAM = 8A2XNZ3KVG;
				GENERATE_INFOPLIST_FILE = YES;
				IPHONEOS_DEPLOYMENT_TARGET = 16.2;
				MARKETING_VERSION = 1.0;
				PRODUCT_BUNDLE_IDENTIFIER = "com.powerplay.Practice-WorkspaceTests";
				PRODUCT_NAME = "$(TARGET_NAME)";
				SWIFT_EMIT_LOC_STRINGS = NO;
				SWIFT_VERSION = 5.0;
				TARGETED_DEVICE_FAMILY = "1,2";
				TEST_HOST = "$(BUILT_PRODUCTS_DIR)/Practice Workspace.app/$(BUNDLE_EXECUTABLE_FOLDER_PATH)/Practice Workspace";
			};
			name = Debug;
		};
		41A68A6D2A1C8AC5002E3590 /* Release */ = {
			isa = XCBuildConfiguration;
			baseConfigurationReference = 820A4874742C62A96423C66C /* Pods-Practice WorkspaceTests.release.xcconfig */;
			buildSettings = {
				ALWAYS_EMBED_SWIFT_STANDARD_LIBRARIES = YES;
				BUNDLE_LOADER = "$(TEST_HOST)";
				CODE_SIGN_STYLE = Automatic;
				CURRENT_PROJECT_VERSION = 1;
				DEVELOPMENT_TEAM = 8A2XNZ3KVG;
				GENERATE_INFOPLIST_FILE = YES;
				IPHONEOS_DEPLOYMENT_TARGET = 16.2;
				MARKETING_VERSION = 1.0;
				PRODUCT_BUNDLE_IDENTIFIER = "com.powerplay.Practice-WorkspaceTests";
				PRODUCT_NAME = "$(TARGET_NAME)";
				SWIFT_EMIT_LOC_STRINGS = NO;
				SWIFT_VERSION = 5.0;
				TARGETED_DEVICE_FAMILY = "1,2";
				TEST_HOST = "$(BUILT_PRODUCTS_DIR)/Practice Workspace.app/$(BUNDLE_EXECUTABLE_FOLDER_PATH)/Practice Workspace";
			};
			name = Release;
		};
		41A68A6F2A1C8AC5002E3590 /* Debug */ = {
			isa = XCBuildConfiguration;
			baseConfigurationReference = 222972D57AF06F5AB0558194 /* Pods-Practice Workspace-Practice WorkspaceUITests.debug.xcconfig */;
			buildSettings = {
				ALWAYS_EMBED_SWIFT_STANDARD_LIBRARIES = YES;
				CODE_SIGN_STYLE = Automatic;
				CURRENT_PROJECT_VERSION = 1;
				DEVELOPMENT_TEAM = 8A2XNZ3KVG;
				GENERATE_INFOPLIST_FILE = YES;
				MARKETING_VERSION = 1.0;
				PRODUCT_BUNDLE_IDENTIFIER = "com.powerplay.Practice-WorkspaceUITests";
				PRODUCT_NAME = "$(TARGET_NAME)";
				SWIFT_EMIT_LOC_STRINGS = NO;
				SWIFT_VERSION = 5.0;
				TARGETED_DEVICE_FAMILY = "1,2";
				TEST_TARGET_NAME = "Practice Workspace";
			};
			name = Debug;
		};
		41A68A702A1C8AC5002E3590 /* Release */ = {
			isa = XCBuildConfiguration;
			baseConfigurationReference = 38CE05F047B3FAB39FD7FBFE /* Pods-Practice Workspace-Practice WorkspaceUITests.release.xcconfig */;
			buildSettings = {
				ALWAYS_EMBED_SWIFT_STANDARD_LIBRARIES = YES;
				CODE_SIGN_STYLE = Automatic;
				CURRENT_PROJECT_VERSION = 1;
				DEVELOPMENT_TEAM = 8A2XNZ3KVG;
				GENERATE_INFOPLIST_FILE = YES;
				MARKETING_VERSION = 1.0;
				PRODUCT_BUNDLE_IDENTIFIER = "com.powerplay.Practice-WorkspaceUITests";
				PRODUCT_NAME = "$(TARGET_NAME)";
				SWIFT_EMIT_LOC_STRINGS = NO;
				SWIFT_VERSION = 5.0;
				TARGETED_DEVICE_FAMILY = "1,2";
				TEST_TARGET_NAME = "Practice Workspace";
			};
			name = Release;
		};
/* End XCBuildConfiguration section */

/* Begin XCConfigurationList section */
		41A68A392A1C8AC1002E3590 /* Build configuration list for PBXProject "Practice Workspace" */ = {
			isa = XCConfigurationList;
			buildConfigurations = (
				41A68A662A1C8AC5002E3590 /* Debug */,
				41A68A672A1C8AC5002E3590 /* Release */,
			);
			defaultConfigurationIsVisible = 0;
			defaultConfigurationName = Release;
		};
		41A68A682A1C8AC5002E3590 /* Build configuration list for PBXNativeTarget "Practice Workspace" */ = {
			isa = XCConfigurationList;
			buildConfigurations = (
				41A68A692A1C8AC5002E3590 /* Debug */,
				41A68A6A2A1C8AC5002E3590 /* Release */,
			);
			defaultConfigurationIsVisible = 0;
			defaultConfigurationName = Release;
		};
		41A68A6B2A1C8AC5002E3590 /* Build configuration list for PBXNativeTarget "Practice WorkspaceTests" */ = {
			isa = XCConfigurationList;
			buildConfigurations = (
				41A68A6C2A1C8AC5002E3590 /* Debug */,
				41A68A6D2A1C8AC5002E3590 /* Release */,
			);
			defaultConfigurationIsVisible = 0;
			defaultConfigurationName = Release;
		};
		41A68A6E2A1C8AC5002E3590 /* Build configuration list for PBXNativeTarget "Practice WorkspaceUITests" */ = {
			isa = XCConfigurationList;
			buildConfigurations = (
				41A68A6F2A1C8AC5002E3590 /* Debug */,
				41A68A702A1C8AC5002E3590 /* Release */,
			);
			defaultConfigurationIsVisible = 0;
			defaultConfigurationName = Release;
		};
/* End XCConfigurationList section */
	};
	rootObject = 41A68A362A1C8AC1002E3590 /* Project object */;
}
