// !$*UTF8*$!
{
	archiveVersion = 1;
	classes = {
	};
	objectVersion = 56;
	objects = {

/* Begin PBXBuildFile section */
		415E400D2A45A87500C14AE9 /* AppDelegate.swift in Sources */ = {isa = PBXBuildFile; fileRef = 415E400C2A45A87500C14AE9 /* AppDelegate.swift */; };
		415E400F2A45A87500C14AE9 /* SceneDelegate.swift in Sources */ = {isa = PBXBuildFile; fileRef = 415E400E2A45A87500C14AE9 /* SceneDelegate.swift */; };
		415E40112A45A87500C14AE9 /* ViewController.swift in Sources */ = {isa = PBXBuildFile; fileRef = 415E40102A45A87500C14AE9 /* ViewController.swift */; };
		415E40162A45A87800C14AE9 /* Assets.xcassets in Resources */ = {isa = PBXBuildFile; fileRef = 415E40152A45A87800C14AE9 /* Assets.xcassets */; };
		415E40192A45A87800C14AE9 /* LaunchScreen.storyboard in Resources */ = {isa = PBXBuildFile; fileRef = 415E40172A45A87800C14AE9 /* LaunchScreen.storyboard */; };
		415E40242A45A87800C14AE9 /* BlackcofferAssignmentTests.swift in Sources */ = {isa = PBXBuildFile; fileRef = 415E40232A45A87800C14AE9 /* BlackcofferAssignmentTests.swift */; };
		415E402E2A45A87800C14AE9 /* BlackcofferAssignmentUITests.swift in Sources */ = {isa = PBXBuildFile; fileRef = 415E402D2A45A87800C14AE9 /* BlackcofferAssignmentUITests.swift */; };
		415E40302A45A87800C14AE9 /* BlackcofferAssignmentUITestsLaunchTests.swift in Sources */ = {isa = PBXBuildFile; fileRef = 415E402F2A45A87800C14AE9 /* BlackcofferAssignmentUITestsLaunchTests.swift */; };
		415E403F2A45AD8A00C14AE9 /* ProfileTableViewCell.swift in Sources */ = {isa = PBXBuildFile; fileRef = 415E403E2A45AD8A00C14AE9 /* ProfileTableViewCell.swift */; };
		41A00E12B003F2ABEBE54C68 /* Pods_BlackcofferAssignment.framework in Frameworks */ = {isa = PBXBuildFile; fileRef = B8BAF12BC278654AABAAD820 /* Pods_BlackcofferAssignment.framework */; };
		61BF4F960FF8A7C6169505A6 /* Pods_BlackcofferAssignment_BlackcofferAssignmentUITests.framework in Frameworks */ = {isa = PBXBuildFile; fileRef = 3AFB30A4A92EBF8A7301FB29 /* Pods_BlackcofferAssignment_BlackcofferAssignmentUITests.framework */; };
		D0A4CEF4380D42F3A57EB56D /* Pods_BlackcofferAssignmentTests.framework in Frameworks */ = {isa = PBXBuildFile; fileRef = D02C64D3F99EEE66F56F2DBE /* Pods_BlackcofferAssignmentTests.framework */; };
/* End PBXBuildFile section */

/* Begin PBXContainerItemProxy section */
		415E40202A45A87800C14AE9 /* PBXContainerItemProxy */ = {
			isa = PBXContainerItemProxy;
			containerPortal = 415E40012A45A87500C14AE9 /* Project object */;
			proxyType = 1;
			remoteGlobalIDString = 415E40082A45A87500C14AE9;
			remoteInfo = BlackcofferAssignment;
		};
		415E402A2A45A87800C14AE9 /* PBXContainerItemProxy */ = {
			isa = PBXContainerItemProxy;
			containerPortal = 415E40012A45A87500C14AE9 /* Project object */;
			proxyType = 1;
			remoteGlobalIDString = 415E40082A45A87500C14AE9;
			remoteInfo = BlackcofferAssignment;
		};
/* End PBXContainerItemProxy section */

/* Begin PBXFileReference section */
		3AFB30A4A92EBF8A7301FB29 /* Pods_BlackcofferAssignment_BlackcofferAssignmentUITests.framework */ = {isa = PBXFileReference; explicitFileType = wrapper.framework; includeInIndex = 0; path = Pods_BlackcofferAssignment_BlackcofferAssignmentUITests.framework; sourceTree = BUILT_PRODUCTS_DIR; };
		3BE053AAB5119EE3A022231F /* Pods-BlackcofferAssignment.release.xcconfig */ = {isa = PBXFileReference; includeInIndex = 1; lastKnownFileType = text.xcconfig; name = "Pods-BlackcofferAssignment.release.xcconfig"; path = "Target Support Files/Pods-BlackcofferAssignment/Pods-BlackcofferAssignment.release.xcconfig"; sourceTree = "<group>"; };
		415E40092A45A87500C14AE9 /* BlackcofferAssignment.app */ = {isa = PBXFileReference; explicitFileType = wrapper.application; includeInIndex = 0; path = BlackcofferAssignment.app; sourceTree = BUILT_PRODUCTS_DIR; };
		415E400C2A45A87500C14AE9 /* AppDelegate.swift */ = {isa = PBXFileReference; lastKnownFileType = sourcecode.swift; path = AppDelegate.swift; sourceTree = "<group>"; };
		415E400E2A45A87500C14AE9 /* SceneDelegate.swift */ = {isa = PBXFileReference; lastKnownFileType = sourcecode.swift; path = SceneDelegate.swift; sourceTree = "<group>"; };
		415E40102A45A87500C14AE9 /* ViewController.swift */ = {isa = PBXFileReference; lastKnownFileType = sourcecode.swift; path = ViewController.swift; sourceTree = "<group>"; };
		415E40152A45A87800C14AE9 /* Assets.xcassets */ = {isa = PBXFileReference; lastKnownFileType = folder.assetcatalog; path = Assets.xcassets; sourceTree = "<group>"; };
		415E40182A45A87800C14AE9 /* Base */ = {isa = PBXFileReference; lastKnownFileType = file.storyboard; name = Base; path = Base.lproj/LaunchScreen.storyboard; sourceTree = "<group>"; };
		415E401A2A45A87800C14AE9 /* Info.plist */ = {isa = PBXFileReference; lastKnownFileType = text.plist.xml; path = Info.plist; sourceTree = "<group>"; };
		415E401F2A45A87800C14AE9 /* BlackcofferAssignmentTests.xctest */ = {isa = PBXFileReference; explicitFileType = wrapper.cfbundle; includeInIndex = 0; path = BlackcofferAssignmentTests.xctest; sourceTree = BUILT_PRODUCTS_DIR; };
		415E40232A45A87800C14AE9 /* BlackcofferAssignmentTests.swift */ = {isa = PBXFileReference; lastKnownFileType = sourcecode.swift; path = BlackcofferAssignmentTests.swift; sourceTree = "<group>"; };
		415E40292A45A87800C14AE9 /* BlackcofferAssignmentUITests.xctest */ = {isa = PBXFileReference; explicitFileType = wrapper.cfbundle; includeInIndex = 0; path = BlackcofferAssignmentUITests.xctest; sourceTree = BUILT_PRODUCTS_DIR; };
		415E402D2A45A87800C14AE9 /* BlackcofferAssignmentUITests.swift */ = {isa = PBXFileReference; lastKnownFileType = sourcecode.swift; path = BlackcofferAssignmentUITests.swift; sourceTree = "<group>"; };
		415E402F2A45A87800C14AE9 /* BlackcofferAssignmentUITestsLaunchTests.swift */ = {isa = PBXFileReference; lastKnownFileType = sourcecode.swift; path = BlackcofferAssignmentUITestsLaunchTests.swift; sourceTree = "<group>"; };
		415E403E2A45AD8A00C14AE9 /* ProfileTableViewCell.swift */ = {isa = PBXFileReference; lastKnownFileType = sourcecode.swift; path = ProfileTableViewCell.swift; sourceTree = "<group>"; };
		60AC43F693EB337F1FCD7477 /* Pods-BlackcofferAssignmentTests.release.xcconfig */ = {isa = PBXFileReference; includeInIndex = 1; lastKnownFileType = text.xcconfig; name = "Pods-BlackcofferAssignmentTests.release.xcconfig"; path = "Target Support Files/Pods-BlackcofferAssignmentTests/Pods-BlackcofferAssignmentTests.release.xcconfig"; sourceTree = "<group>"; };
		78638E051FADF5E44C2787B9 /* Pods-BlackcofferAssignment-BlackcofferAssignmentUITests.debug.xcconfig */ = {isa = PBXFileReference; includeInIndex = 1; lastKnownFileType = text.xcconfig; name = "Pods-BlackcofferAssignment-BlackcofferAssignmentUITests.debug.xcconfig"; path = "Target Support Files/Pods-BlackcofferAssignment-BlackcofferAssignmentUITests/Pods-BlackcofferAssignment-BlackcofferAssignmentUITests.debug.xcconfig"; sourceTree = "<group>"; };
		81570F8CA47C2960901FC1A5 /* Pods-BlackcofferAssignmentTests.debug.xcconfig */ = {isa = PBXFileReference; includeInIndex = 1; lastKnownFileType = text.xcconfig; name = "Pods-BlackcofferAssignmentTests.debug.xcconfig"; path = "Target Support Files/Pods-BlackcofferAssignmentTests/Pods-BlackcofferAssignmentTests.debug.xcconfig"; sourceTree = "<group>"; };
		8B5798A1EF93D218202FD9A6 /* Pods-BlackcofferAssignment.debug.xcconfig */ = {isa = PBXFileReference; includeInIndex = 1; lastKnownFileType = text.xcconfig; name = "Pods-BlackcofferAssignment.debug.xcconfig"; path = "Target Support Files/Pods-BlackcofferAssignment/Pods-BlackcofferAssignment.debug.xcconfig"; sourceTree = "<group>"; };
		B8BAF12BC278654AABAAD820 /* Pods_BlackcofferAssignment.framework */ = {isa = PBXFileReference; explicitFileType = wrapper.framework; includeInIndex = 0; path = Pods_BlackcofferAssignment.framework; sourceTree = BUILT_PRODUCTS_DIR; };
		BBDE84EBAD236F9E28A03906 /* Pods-BlackcofferAssignment-BlackcofferAssignmentUITests.release.xcconfig */ = {isa = PBXFileReference; includeInIndex = 1; lastKnownFileType = text.xcconfig; name = "Pods-BlackcofferAssignment-BlackcofferAssignmentUITests.release.xcconfig"; path = "Target Support Files/Pods-BlackcofferAssignment-BlackcofferAssignmentUITests/Pods-BlackcofferAssignment-BlackcofferAssignmentUITests.release.xcconfig"; sourceTree = "<group>"; };
		D02C64D3F99EEE66F56F2DBE /* Pods_BlackcofferAssignmentTests.framework */ = {isa = PBXFileReference; explicitFileType = wrapper.framework; includeInIndex = 0; path = Pods_BlackcofferAssignmentTests.framework; sourceTree = BUILT_PRODUCTS_DIR; };
/* End PBXFileReference section */

/* Begin PBXFrameworksBuildPhase section */
		415E40062A45A87500C14AE9 /* Frameworks */ = {
			isa = PBXFrameworksBuildPhase;
			buildActionMask = 2147483647;
			files = (
				41A00E12B003F2ABEBE54C68 /* Pods_BlackcofferAssignment.framework in Frameworks */,
			);
			runOnlyForDeploymentPostprocessing = 0;
		};
		415E401C2A45A87800C14AE9 /* Frameworks */ = {
			isa = PBXFrameworksBuildPhase;
			buildActionMask = 2147483647;
			files = (
				D0A4CEF4380D42F3A57EB56D /* Pods_BlackcofferAssignmentTests.framework in Frameworks */,
			);
			runOnlyForDeploymentPostprocessing = 0;
		};
		415E40262A45A87800C14AE9 /* Frameworks */ = {
			isa = PBXFrameworksBuildPhase;
			buildActionMask = 2147483647;
			files = (
				61BF4F960FF8A7C6169505A6 /* Pods_BlackcofferAssignment_BlackcofferAssignmentUITests.framework in Frameworks */,
			);
			runOnlyForDeploymentPostprocessing = 0;
		};
/* End PBXFrameworksBuildPhase section */

/* Begin PBXGroup section */
		415E40002A45A87500C14AE9 = {
			isa = PBXGroup;
			children = (
				415E400B2A45A87500C14AE9 /* BlackcofferAssignment */,
				415E40222A45A87800C14AE9 /* BlackcofferAssignmentTests */,
				415E402C2A45A87800C14AE9 /* BlackcofferAssignmentUITests */,
				415E400A2A45A87500C14AE9 /* Products */,
				5EF6A552E0998C86E9512689 /* Pods */,
				4E0F43923C0428AADD36A2CF /* Frameworks */,
			);
			sourceTree = "<group>";
		};
		415E400A2A45A87500C14AE9 /* Products */ = {
			isa = PBXGroup;
			children = (
				415E40092A45A87500C14AE9 /* BlackcofferAssignment.app */,
				415E401F2A45A87800C14AE9 /* BlackcofferAssignmentTests.xctest */,
				415E40292A45A87800C14AE9 /* BlackcofferAssignmentUITests.xctest */,
			);
			name = Products;
			sourceTree = "<group>";
		};
		415E400B2A45A87500C14AE9 /* BlackcofferAssignment */ = {
			isa = PBXGroup;
			children = (
				415E400C2A45A87500C14AE9 /* AppDelegate.swift */,
				415E400E2A45A87500C14AE9 /* SceneDelegate.swift */,
				415E40102A45A87500C14AE9 /* ViewController.swift */,
				415E403E2A45AD8A00C14AE9 /* ProfileTableViewCell.swift */,
				415E40152A45A87800C14AE9 /* Assets.xcassets */,
				415E40172A45A87800C14AE9 /* LaunchScreen.storyboard */,
				415E401A2A45A87800C14AE9 /* Info.plist */,
			);
			path = BlackcofferAssignment;
			sourceTree = "<group>";
		};
		415E40222A45A87800C14AE9 /* BlackcofferAssignmentTests */ = {
			isa = PBXGroup;
			children = (
				415E40232A45A87800C14AE9 /* BlackcofferAssignmentTests.swift */,
			);
			path = BlackcofferAssignmentTests;
			sourceTree = "<group>";
		};
		415E402C2A45A87800C14AE9 /* BlackcofferAssignmentUITests */ = {
			isa = PBXGroup;
			children = (
				415E402D2A45A87800C14AE9 /* BlackcofferAssignmentUITests.swift */,
				415E402F2A45A87800C14AE9 /* BlackcofferAssignmentUITestsLaunchTests.swift */,
			);
			path = BlackcofferAssignmentUITests;
			sourceTree = "<group>";
		};
		4E0F43923C0428AADD36A2CF /* Frameworks */ = {
			isa = PBXGroup;
			children = (
				B8BAF12BC278654AABAAD820 /* Pods_BlackcofferAssignment.framework */,
				3AFB30A4A92EBF8A7301FB29 /* Pods_BlackcofferAssignment_BlackcofferAssignmentUITests.framework */,
				D02C64D3F99EEE66F56F2DBE /* Pods_BlackcofferAssignmentTests.framework */,
			);
			name = Frameworks;
			sourceTree = "<group>";
		};
		5EF6A552E0998C86E9512689 /* Pods */ = {
			isa = PBXGroup;
			children = (
				8B5798A1EF93D218202FD9A6 /* Pods-BlackcofferAssignment.debug.xcconfig */,
				3BE053AAB5119EE3A022231F /* Pods-BlackcofferAssignment.release.xcconfig */,
				78638E051FADF5E44C2787B9 /* Pods-BlackcofferAssignment-BlackcofferAssignmentUITests.debug.xcconfig */,
				BBDE84EBAD236F9E28A03906 /* Pods-BlackcofferAssignment-BlackcofferAssignmentUITests.release.xcconfig */,
				81570F8CA47C2960901FC1A5 /* Pods-BlackcofferAssignmentTests.debug.xcconfig */,
				60AC43F693EB337F1FCD7477 /* Pods-BlackcofferAssignmentTests.release.xcconfig */,
			);
			path = Pods;
			sourceTree = "<group>";
		};
/* End PBXGroup section */

/* Begin PBXNativeTarget section */
		415E40082A45A87500C14AE9 /* BlackcofferAssignment */ = {
			isa = PBXNativeTarget;
			buildConfigurationList = 415E40332A45A87800C14AE9 /* Build configuration list for PBXNativeTarget "BlackcofferAssignment" */;
			buildPhases = (
				A78723C07F83165EB2A025F4 /* [CP] Check Pods Manifest.lock */,
				415E40052A45A87500C14AE9 /* Sources */,
				415E40062A45A87500C14AE9 /* Frameworks */,
				415E40072A45A87500C14AE9 /* Resources */,
				1C1B2C9E14AC758F67A0BF56 /* [CP] Embed Pods Frameworks */,
			);
			buildRules = (
			);
			dependencies = (
			);
			name = BlackcofferAssignment;
			productName = BlackcofferAssignment;
			productReference = 415E40092A45A87500C14AE9 /* BlackcofferAssignment.app */;
			productType = "com.apple.product-type.application";
		};
		415E401E2A45A87800C14AE9 /* BlackcofferAssignmentTests */ = {
			isa = PBXNativeTarget;
			buildConfigurationList = 415E40362A45A87800C14AE9 /* Build configuration list for PBXNativeTarget "BlackcofferAssignmentTests" */;
			buildPhases = (
				EE5B8EDB6E997AE8DEC664D9 /* [CP] Check Pods Manifest.lock */,
				415E401B2A45A87800C14AE9 /* Sources */,
				415E401C2A45A87800C14AE9 /* Frameworks */,
				415E401D2A45A87800C14AE9 /* Resources */,
			);
			buildRules = (
			);
			dependencies = (
				415E40212A45A87800C14AE9 /* PBXTargetDependency */,
			);
			name = BlackcofferAssignmentTests;
			productName = BlackcofferAssignmentTests;
			productReference = 415E401F2A45A87800C14AE9 /* BlackcofferAssignmentTests.xctest */;
			productType = "com.apple.product-type.bundle.unit-test";
		};
		415E40282A45A87800C14AE9 /* BlackcofferAssignmentUITests */ = {
			isa = PBXNativeTarget;
			buildConfigurationList = 415E40392A45A87800C14AE9 /* Build configuration list for PBXNativeTarget "BlackcofferAssignmentUITests" */;
			buildPhases = (
				2101B7AD8113C6921CDE8239 /* [CP] Check Pods Manifest.lock */,
				415E40252A45A87800C14AE9 /* Sources */,
				415E40262A45A87800C14AE9 /* Frameworks */,
				415E40272A45A87800C14AE9 /* Resources */,
				0538A4F90BE0DFBEE02BB81B /* [CP] Embed Pods Frameworks */,
			);
			buildRules = (
			);
			dependencies = (
				415E402B2A45A87800C14AE9 /* PBXTargetDependency */,
			);
			name = BlackcofferAssignmentUITests;
			productName = BlackcofferAssignmentUITests;
			productReference = 415E40292A45A87800C14AE9 /* BlackcofferAssignmentUITests.xctest */;
			productType = "com.apple.product-type.bundle.ui-testing";
		};
/* End PBXNativeTarget section */

/* Begin PBXProject section */
		415E40012A45A87500C14AE9 /* Project object */ = {
			isa = PBXProject;
			attributes = {
				BuildIndependentTargetsInParallel = 1;
				LastSwiftUpdateCheck = 1420;
				LastUpgradeCheck = 1420;
				TargetAttributes = {
					415E40082A45A87500C14AE9 = {
						CreatedOnToolsVersion = 14.2;
					};
					415E401E2A45A87800C14AE9 = {
						CreatedOnToolsVersion = 14.2;
						TestTargetID = 415E40082A45A87500C14AE9;
					};
					415E40282A45A87800C14AE9 = {
						CreatedOnToolsVersion = 14.2;
						TestTargetID = 415E40082A45A87500C14AE9;
					};
				};
			};
			buildConfigurationList = 415E40042A45A87500C14AE9 /* Build configuration list for PBXProject "BlackcofferAssignment" */;
			compatibilityVersion = "Xcode 14.0";
			developmentRegion = en;
			hasScannedForEncodings = 0;
			knownRegions = (
				en,
				Base,
			);
			mainGroup = 415E40002A45A87500C14AE9;
			productRefGroup = 415E400A2A45A87500C14AE9 /* Products */;
			projectDirPath = "";
			projectRoot = "";
			targets = (
				415E40082A45A87500C14AE9 /* BlackcofferAssignment */,
				415E401E2A45A87800C14AE9 /* BlackcofferAssignmentTests */,
				415E40282A45A87800C14AE9 /* BlackcofferAssignmentUITests */,
			);
		};
/* End PBXProject section */

/* Begin PBXResourcesBuildPhase section */
		415E40072A45A87500C14AE9 /* Resources */ = {
			isa = PBXResourcesBuildPhase;
			buildActionMask = 2147483647;
			files = (
				415E40192A45A87800C14AE9 /* LaunchScreen.storyboard in Resources */,
				415E40162A45A87800C14AE9 /* Assets.xcassets in Resources */,
			);
			runOnlyForDeploymentPostprocessing = 0;
		};
		415E401D2A45A87800C14AE9 /* Resources */ = {
			isa = PBXResourcesBuildPhase;
			buildActionMask = 2147483647;
			files = (
			);
			runOnlyForDeploymentPostprocessing = 0;
		};
		415E40272A45A87800C14AE9 /* Resources */ = {
			isa = PBXResourcesBuildPhase;
			buildActionMask = 2147483647;
			files = (
			);
			runOnlyForDeploymentPostprocessing = 0;
		};
/* End PBXResourcesBuildPhase section */

/* Begin PBXShellScriptBuildPhase section */
		0538A4F90BE0DFBEE02BB81B /* [CP] Embed Pods Frameworks */ = {
			isa = PBXShellScriptBuildPhase;
			buildActionMask = 2147483647;
			files = (
			);
			inputFileListPaths = (
				"${PODS_ROOT}/Target Support Files/Pods-BlackcofferAssignment-BlackcofferAssignmentUITests/Pods-BlackcofferAssignment-BlackcofferAssignmentUITests-frameworks-${CONFIGURATION}-input-files.xcfilelist",
			);
			name = "[CP] Embed Pods Frameworks";
			outputFileListPaths = (
				"${PODS_ROOT}/Target Support Files/Pods-BlackcofferAssignment-BlackcofferAssignmentUITests/Pods-BlackcofferAssignment-BlackcofferAssignmentUITests-frameworks-${CONFIGURATION}-output-files.xcfilelist",
			);
			runOnlyForDeploymentPostprocessing = 0;
			shellPath = /bin/sh;
			shellScript = "\"${PODS_ROOT}/Target Support Files/Pods-BlackcofferAssignment-BlackcofferAssignmentUITests/Pods-BlackcofferAssignment-BlackcofferAssignmentUITests-frameworks.sh\"\n";
			showEnvVarsInLog = 0;
		};
		1C1B2C9E14AC758F67A0BF56 /* [CP] Embed Pods Frameworks */ = {
			isa = PBXShellScriptBuildPhase;
			buildActionMask = 2147483647;
			files = (
			);
			inputFileListPaths = (
				"${PODS_ROOT}/Target Support Files/Pods-BlackcofferAssignment/Pods-BlackcofferAssignment-frameworks-${CONFIGURATION}-input-files.xcfilelist",
			);
			name = "[CP] Embed Pods Frameworks";
			outputFileListPaths = (
				"${PODS_ROOT}/Target Support Files/Pods-BlackcofferAssignment/Pods-BlackcofferAssignment-frameworks-${CONFIGURATION}-output-files.xcfilelist",
			);
			runOnlyForDeploymentPostprocessing = 0;
			shellPath = /bin/sh;
			shellScript = "\"${PODS_ROOT}/Target Support Files/Pods-BlackcofferAssignment/Pods-BlackcofferAssignment-frameworks.sh\"\n";
			showEnvVarsInLog = 0;
		};
		2101B7AD8113C6921CDE8239 /* [CP] Check Pods Manifest.lock */ = {
			isa = PBXShellScriptBuildPhase;
			buildActionMask = 2147483647;
			files = (
			);
			inputFileListPaths = (
			);
			inputPaths = (
				"${PODS_PODFILE_DIR_PATH}/Podfile.lock",
				"${PODS_ROOT}/Manifest.lock",
			);
			name = "[CP] Check Pods Manifest.lock";
			outputFileListPaths = (
			);
			outputPaths = (
				"$(DERIVED_FILE_DIR)/Pods-BlackcofferAssignment-BlackcofferAssignmentUITests-checkManifestLockResult.txt",
			);
			runOnlyForDeploymentPostprocessing = 0;
			shellPath = /bin/sh;
			shellScript = "diff \"${PODS_PODFILE_DIR_PATH}/Podfile.lock\" \"${PODS_ROOT}/Manifest.lock\" > /dev/null\nif [ $? != 0 ] ; then\n    # print error to STDERR\n    echo \"error: The sandbox is not in sync with the Podfile.lock. Run 'pod install' or update your CocoaPods installation.\" >&2\n    exit 1\nfi\n# This output is used by Xcode 'outputs' to avoid re-running this script phase.\necho \"SUCCESS\" > \"${SCRIPT_OUTPUT_FILE_0}\"\n";
			showEnvVarsInLog = 0;
		};
		A78723C07F83165EB2A025F4 /* [CP] Check Pods Manifest.lock */ = {
			isa = PBXShellScriptBuildPhase;
			buildActionMask = 2147483647;
			files = (
			);
			inputFileListPaths = (
			);
			inputPaths = (
				"${PODS_PODFILE_DIR_PATH}/Podfile.lock",
				"${PODS_ROOT}/Manifest.lock",
			);
			name = "[CP] Check Pods Manifest.lock";
			outputFileListPaths = (
			);
			outputPaths = (
				"$(DERIVED_FILE_DIR)/Pods-BlackcofferAssignment-checkManifestLockResult.txt",
			);
			runOnlyForDeploymentPostprocessing = 0;
			shellPath = /bin/sh;
			shellScript = "diff \"${PODS_PODFILE_DIR_PATH}/Podfile.lock\" \"${PODS_ROOT}/Manifest.lock\" > /dev/null\nif [ $? != 0 ] ; then\n    # print error to STDERR\n    echo \"error: The sandbox is not in sync with the Podfile.lock. Run 'pod install' or update your CocoaPods installation.\" >&2\n    exit 1\nfi\n# This output is used by Xcode 'outputs' to avoid re-running this script phase.\necho \"SUCCESS\" > \"${SCRIPT_OUTPUT_FILE_0}\"\n";
			showEnvVarsInLog = 0;
		};
		EE5B8EDB6E997AE8DEC664D9 /* [CP] Check Pods Manifest.lock */ = {
			isa = PBXShellScriptBuildPhase;
			buildActionMask = 2147483647;
			files = (
			);
			inputFileListPaths = (
			);
			inputPaths = (
				"${PODS_PODFILE_DIR_PATH}/Podfile.lock",
				"${PODS_ROOT}/Manifest.lock",
			);
			name = "[CP] Check Pods Manifest.lock";
			outputFileListPaths = (
			);
			outputPaths = (
				"$(DERIVED_FILE_DIR)/Pods-BlackcofferAssignmentTests-checkManifestLockResult.txt",
			);
			runOnlyForDeploymentPostprocessing = 0;
			shellPath = /bin/sh;
			shellScript = "diff \"${PODS_PODFILE_DIR_PATH}/Podfile.lock\" \"${PODS_ROOT}/Manifest.lock\" > /dev/null\nif [ $? != 0 ] ; then\n    # print error to STDERR\n    echo \"error: The sandbox is not in sync with the Podfile.lock. Run 'pod install' or update your CocoaPods installation.\" >&2\n    exit 1\nfi\n# This output is used by Xcode 'outputs' to avoid re-running this script phase.\necho \"SUCCESS\" > \"${SCRIPT_OUTPUT_FILE_0}\"\n";
			showEnvVarsInLog = 0;
		};
/* End PBXShellScriptBuildPhase section */

/* Begin PBXSourcesBuildPhase section */
		415E40052A45A87500C14AE9 /* Sources */ = {
			isa = PBXSourcesBuildPhase;
			buildActionMask = 2147483647;
			files = (
				415E40112A45A87500C14AE9 /* ViewController.swift in Sources */,
				415E403F2A45AD8A00C14AE9 /* ProfileTableViewCell.swift in Sources */,
				415E400D2A45A87500C14AE9 /* AppDelegate.swift in Sources */,
				415E400F2A45A87500C14AE9 /* SceneDelegate.swift in Sources */,
			);
			runOnlyForDeploymentPostprocessing = 0;
		};
		415E401B2A45A87800C14AE9 /* Sources */ = {
			isa = PBXSourcesBuildPhase;
			buildActionMask = 2147483647;
			files = (
				415E40242A45A87800C14AE9 /* BlackcofferAssignmentTests.swift in Sources */,
			);
			runOnlyForDeploymentPostprocessing = 0;
		};
		415E40252A45A87800C14AE9 /* Sources */ = {
			isa = PBXSourcesBuildPhase;
			buildActionMask = 2147483647;
			files = (
				415E40302A45A87800C14AE9 /* BlackcofferAssignmentUITestsLaunchTests.swift in Sources */,
				415E402E2A45A87800C14AE9 /* BlackcofferAssignmentUITests.swift in Sources */,
			);
			runOnlyForDeploymentPostprocessing = 0;
		};
/* End PBXSourcesBuildPhase section */

/* Begin PBXTargetDependency section */
		415E40212A45A87800C14AE9 /* PBXTargetDependency */ = {
			isa = PBXTargetDependency;
			target = 415E40082A45A87500C14AE9 /* BlackcofferAssignment */;
			targetProxy = 415E40202A45A87800C14AE9 /* PBXContainerItemProxy */;
		};
		415E402B2A45A87800C14AE9 /* PBXTargetDependency */ = {
			isa = PBXTargetDependency;
			target = 415E40082A45A87500C14AE9 /* BlackcofferAssignment */;
			targetProxy = 415E402A2A45A87800C14AE9 /* PBXContainerItemProxy */;
		};
/* End PBXTargetDependency section */

/* Begin PBXVariantGroup section */
		415E40172A45A87800C14AE9 /* LaunchScreen.storyboard */ = {
			isa = PBXVariantGroup;
			children = (
				415E40182A45A87800C14AE9 /* Base */,
			);
			name = LaunchScreen.storyboard;
			sourceTree = "<group>";
		};
/* End PBXVariantGroup section */

/* Begin XCBuildConfiguration section */
		415E40312A45A87800C14AE9 /* Debug */ = {
			isa = XCBuildConfiguration;
			buildSettings = {
				ALWAYS_SEARCH_USER_PATHS = NO;
				CLANG_ANALYZER_NONNULL = YES;
				CLANG_ANALYZER_NUMBER_OBJECT_CONVERSION = YES_AGGRESSIVE;
				CLANG_CXX_LANGUAGE_STANDARD = "gnu++20";
				CLANG_ENABLE_MODULES = YES;
				CLANG_ENABLE_OBJC_ARC = YES;
				CLANG_ENABLE_OBJC_WEAK = YES;
				CLANG_WARN_BLOCK_CAPTURE_AUTORELEASING = YES;
				CLANG_WARN_BOOL_CONVERSION = YES;
				CLANG_WARN_COMMA = YES;
				CLANG_WARN_CONSTANT_CONVERSION = YES;
				CLANG_WARN_DEPRECATED_OBJC_IMPLEMENTATIONS = YES;
				CLANG_WARN_DIRECT_OBJC_ISA_USAGE = YES_ERROR;
				CLANG_WARN_DOCUMENTATION_COMMENTS = YES;
				CLANG_WARN_EMPTY_BODY = YES;
				CLANG_WARN_ENUM_CONVERSION = YES;
				CLANG_WARN_INFINITE_RECURSION = YES;
				CLANG_WARN_INT_CONVERSION = YES;
				CLANG_WARN_NON_LITERAL_NULL_CONVERSION = YES;
				CLANG_WARN_OBJC_IMPLICIT_RETAIN_SELF = YES;
				CLANG_WARN_OBJC_LITERAL_CONVERSION = YES;
				CLANG_WARN_OBJC_ROOT_CLASS = YES_ERROR;
				CLANG_WARN_QUOTED_INCLUDE_IN_FRAMEWORK_HEADER = YES;
				CLANG_WARN_RANGE_LOOP_ANALYSIS = YES;
				CLANG_WARN_STRICT_PROTOTYPES = YES;
				CLANG_WARN_SUSPICIOUS_MOVE = YES;
				CLANG_WARN_UNGUARDED_AVAILABILITY = YES_AGGRESSIVE;
				CLANG_WARN_UNREACHABLE_CODE = YES;
				CLANG_WARN__DUPLICATE_METHOD_MATCH = YES;
				COPY_PHASE_STRIP = NO;
				DEBUG_INFORMATION_FORMAT = dwarf;
				ENABLE_STRICT_OBJC_MSGSEND = YES;
				ENABLE_TESTABILITY = YES;
				GCC_C_LANGUAGE_STANDARD = gnu11;
				GCC_DYNAMIC_NO_PIC = NO;
				GCC_NO_COMMON_BLOCKS = YES;
				GCC_OPTIMIZATION_LEVEL = 0;
				GCC_PREPROCESSOR_DEFINITIONS = (
					"DEBUG=1",
					"$(inherited)",
				);
				GCC_WARN_64_TO_32_BIT_CONVERSION = YES;
				GCC_WARN_ABOUT_RETURN_TYPE = YES_ERROR;
				GCC_WARN_UNDECLARED_SELECTOR = YES;
				GCC_WARN_UNINITIALIZED_AUTOS = YES_AGGRESSIVE;
				GCC_WARN_UNUSED_FUNCTION = YES;
				GCC_WARN_UNUSED_VARIABLE = YES;
				IPHONEOS_DEPLOYMENT_TARGET = 16.2;
				MTL_ENABLE_DEBUG_INFO = INCLUDE_SOURCE;
				MTL_FAST_MATH = YES;
				ONLY_ACTIVE_ARCH = YES;
				SDKROOT = iphoneos;
				SWIFT_ACTIVE_COMPILATION_CONDITIONS = DEBUG;
				SWIFT_OPTIMIZATION_LEVEL = "-Onone";
			};
			name = Debug;
		};
		415E40322A45A87800C14AE9 /* Release */ = {
			isa = XCBuildConfiguration;
			buildSettings = {
				ALWAYS_SEARCH_USER_PATHS = NO;
				CLANG_ANALYZER_NONNULL = YES;
				CLANG_ANALYZER_NUMBER_OBJECT_CONVERSION = YES_AGGRESSIVE;
				CLANG_CXX_LANGUAGE_STANDARD = "gnu++20";
				CLANG_ENABLE_MODULES = YES;
				CLANG_ENABLE_OBJC_ARC = YES;
				CLANG_ENABLE_OBJC_WEAK = YES;
				CLANG_WARN_BLOCK_CAPTURE_AUTORELEASING = YES;
				CLANG_WARN_BOOL_CONVERSION = YES;
				CLANG_WARN_COMMA = YES;
				CLANG_WARN_CONSTANT_CONVERSION = YES;
				CLANG_WARN_DEPRECATED_OBJC_IMPLEMENTATIONS = YES;
				CLANG_WARN_DIRECT_OBJC_ISA_USAGE = YES_ERROR;
				CLANG_WARN_DOCUMENTATION_COMMENTS = YES;
				CLANG_WARN_EMPTY_BODY = YES;
				CLANG_WARN_ENUM_CONVERSION = YES;
				CLANG_WARN_INFINITE_RECURSION = YES;
				CLANG_WARN_INT_CONVERSION = YES;
				CLANG_WARN_NON_LITERAL_NULL_CONVERSION = YES;
				CLANG_WARN_OBJC_IMPLICIT_RETAIN_SELF = YES;
				CLANG_WARN_OBJC_LITERAL_CONVERSION = YES;
				CLANG_WARN_OBJC_ROOT_CLASS = YES_ERROR;
				CLANG_WARN_QUOTED_INCLUDE_IN_FRAMEWORK_HEADER = YES;
				CLANG_WARN_RANGE_LOOP_ANALYSIS = YES;
				CLANG_WARN_STRICT_PROTOTYPES = YES;
				CLANG_WARN_SUSPICIOUS_MOVE = YES;
				CLANG_WARN_UNGUARDED_AVAILABILITY = YES_AGGRESSIVE;
				CLANG_WARN_UNREACHABLE_CODE = YES;
				CLANG_WARN__DUPLICATE_METHOD_MATCH = YES;
				COPY_PHASE_STRIP = NO;
				DEBUG_INFORMATION_FORMAT = "dwarf-with-dsym";
				ENABLE_NS_ASSERTIONS = NO;
				ENABLE_STRICT_OBJC_MSGSEND = YES;
				GCC_C_LANGUAGE_STANDARD = gnu11;
				GCC_NO_COMMON_BLOCKS = YES;
				GCC_WARN_64_TO_32_BIT_CONVERSION = YES;
				GCC_WARN_ABOUT_RETURN_TYPE = YES_ERROR;
				GCC_WARN_UNDECLARED_SELECTOR = YES;
				GCC_WARN_UNINITIALIZED_AUTOS = YES_AGGRESSIVE;
				GCC_WARN_UNUSED_FUNCTION = YES;
				GCC_WARN_UNUSED_VARIABLE = YES;
				IPHONEOS_DEPLOYMENT_TARGET = 16.2;
				MTL_ENABLE_DEBUG_INFO = NO;
				MTL_FAST_MATH = YES;
				SDKROOT = iphoneos;
				SWIFT_COMPILATION_MODE = wholemodule;
				SWIFT_OPTIMIZATION_LEVEL = "-O";
				VALIDATE_PRODUCT = YES;
			};
			name = Release;
		};
		415E40342A45A87800C14AE9 /* Debug */ = {
			isa = XCBuildConfiguration;
			baseConfigurationReference = 8B5798A1EF93D218202FD9A6 /* Pods-BlackcofferAssignment.debug.xcconfig */;
			buildSettings = {
				ASSETCATALOG_COMPILER_APPICON_NAME = AppIcon;
				ASSETCATALOG_COMPILER_GLOBAL_ACCENT_COLOR_NAME = AccentColor;
				CODE_SIGN_STYLE = Automatic;
				CURRENT_PROJECT_VERSION = 1;
				DEVELOPMENT_TEAM = 8A2XNZ3KVG;
				GENERATE_INFOPLIST_FILE = YES;
				INFOPLIST_FILE = BlackcofferAssignment/Info.plist;
				INFOPLIST_KEY_UIApplicationSupportsIndirectInputEvents = YES;
				INFOPLIST_KEY_UILaunchStoryboardName = LaunchScreen;
				INFOPLIST_KEY_UISupportedInterfaceOrientations_iPad = "UIInterfaceOrientationPortrait UIInterfaceOrientationPortraitUpsideDown UIInterfaceOrientationLandscapeLeft UIInterfaceOrientationLandscapeRight";
				INFOPLIST_KEY_UISupportedInterfaceOrientations_iPhone = "UIInterfaceOrientationPortrait UIInterfaceOrientationLandscapeLeft UIInterfaceOrientationLandscapeRight";
				LD_RUNPATH_SEARCH_PATHS = (
					"$(inherited)",
					"@executable_path/Frameworks",
				);
				MARKETING_VERSION = 1.0;
				PRODUCT_BUNDLE_IDENTIFIER = com.powerplay.BlackcofferAssignment;
				PRODUCT_NAME = "$(TARGET_NAME)";
				SWIFT_EMIT_LOC_STRINGS = YES;
				SWIFT_VERSION = 5.0;
				TARGETED_DEVICE_FAMILY = "1,2";
			};
			name = Debug;
		};
		415E40352A45A87800C14AE9 /* Release */ = {
			isa = XCBuildConfiguration;
			baseConfigurationReference = 3BE053AAB5119EE3A022231F /* Pods-BlackcofferAssignment.release.xcconfig */;
			buildSettings = {
				ASSETCATALOG_COMPILER_APPICON_NAME = AppIcon;
				ASSETCATALOG_COMPILER_GLOBAL_ACCENT_COLOR_NAME = AccentColor;
				CODE_SIGN_STYLE = Automatic;
				CURRENT_PROJECT_VERSION = 1;
				DEVELOPMENT_TEAM = 8A2XNZ3KVG;
				GENERATE_INFOPLIST_FILE = YES;
				INFOPLIST_FILE = BlackcofferAssignment/Info.plist;
				INFOPLIST_KEY_UIApplicationSupportsIndirectInputEvents = YES;
				INFOPLIST_KEY_UILaunchStoryboardName = LaunchScreen;
				INFOPLIST_KEY_UISupportedInterfaceOrientations_iPad = "UIInterfaceOrientationPortrait UIInterfaceOrientationPortraitUpsideDown UIInterfaceOrientationLandscapeLeft UIInterfaceOrientationLandscapeRight";
				INFOPLIST_KEY_UISupportedInterfaceOrientations_iPhone = "UIInterfaceOrientationPortrait UIInterfaceOrientationLandscapeLeft UIInterfaceOrientationLandscapeRight";
				LD_RUNPATH_SEARCH_PATHS = (
					"$(inherited)",
					"@executable_path/Frameworks",
				);
				MARKETING_VERSION = 1.0;
				PRODUCT_BUNDLE_IDENTIFIER = com.powerplay.BlackcofferAssignment;
				PRODUCT_NAME = "$(TARGET_NAME)";
				SWIFT_EMIT_LOC_STRINGS = YES;
				SWIFT_VERSION = 5.0;
				TARGETED_DEVICE_FAMILY = "1,2";
			};
			name = Release;
		};
		415E40372A45A87800C14AE9 /* Debug */ = {
			isa = XCBuildConfiguration;
			baseConfigurationReference = 81570F8CA47C2960901FC1A5 /* Pods-BlackcofferAssignmentTests.debug.xcconfig */;
			buildSettings = {
				ALWAYS_EMBED_SWIFT_STANDARD_LIBRARIES = YES;
				BUNDLE_LOADER = "$(TEST_HOST)";
				CODE_SIGN_STYLE = Automatic;
				CURRENT_PROJECT_VERSION = 1;
				DEVELOPMENT_TEAM = 8A2XNZ3KVG;
				GENERATE_INFOPLIST_FILE = YES;
				IPHONEOS_DEPLOYMENT_TARGET = 16.2;
				MARKETING_VERSION = 1.0;
				PRODUCT_BUNDLE_IDENTIFIER = com.powerplay.BlackcofferAssignmentTests;
				PRODUCT_NAME = "$(TARGET_NAME)";
				SWIFT_EMIT_LOC_STRINGS = NO;
				SWIFT_VERSION = 5.0;
				TARGETED_DEVICE_FAMILY = "1,2";
				TEST_HOST = "$(BUILT_PRODUCTS_DIR)/BlackcofferAssignment.app/$(BUNDLE_EXECUTABLE_FOLDER_PATH)/BlackcofferAssignment";
			};
			name = Debug;
		};
		415E40382A45A87800C14AE9 /* Release */ = {
			isa = XCBuildConfiguration;
			baseConfigurationReference = 60AC43F693EB337F1FCD7477 /* Pods-BlackcofferAssignmentTests.release.xcconfig */;
			buildSettings = {
				ALWAYS_EMBED_SWIFT_STANDARD_LIBRARIES = YES;
				BUNDLE_LOADER = "$(TEST_HOST)";
				CODE_SIGN_STYLE = Automatic;
				CURRENT_PROJECT_VERSION = 1;
				DEVELOPMENT_TEAM = 8A2XNZ3KVG;
				GENERATE_INFOPLIST_FILE = YES;
				IPHONEOS_DEPLOYMENT_TARGET = 16.2;
				MARKETING_VERSION = 1.0;
				PRODUCT_BUNDLE_IDENTIFIER = com.powerplay.BlackcofferAssignmentTests;
				PRODUCT_NAME = "$(TARGET_NAME)";
				SWIFT_EMIT_LOC_STRINGS = NO;
				SWIFT_VERSION = 5.0;
				TARGETED_DEVICE_FAMILY = "1,2";
				TEST_HOST = "$(BUILT_PRODUCTS_DIR)/BlackcofferAssignment.app/$(BUNDLE_EXECUTABLE_FOLDER_PATH)/BlackcofferAssignment";
			};
			name = Release;
		};
		415E403A2A45A87800C14AE9 /* Debug */ = {
			isa = XCBuildConfiguration;
			baseConfigurationReference = 78638E051FADF5E44C2787B9 /* Pods-BlackcofferAssignment-BlackcofferAssignmentUITests.debug.xcconfig */;
			buildSettings = {
				ALWAYS_EMBED_SWIFT_STANDARD_LIBRARIES = YES;
				CODE_SIGN_STYLE = Automatic;
				CURRENT_PROJECT_VERSION = 1;
				DEVELOPMENT_TEAM = 8A2XNZ3KVG;
				GENERATE_INFOPLIST_FILE = YES;
				MARKETING_VERSION = 1.0;
				PRODUCT_BUNDLE_IDENTIFIER = com.powerplay.BlackcofferAssignmentUITests;
				PRODUCT_NAME = "$(TARGET_NAME)";
				SWIFT_EMIT_LOC_STRINGS = NO;
				SWIFT_VERSION = 5.0;
				TARGETED_DEVICE_FAMILY = "1,2";
				TEST_TARGET_NAME = BlackcofferAssignment;
			};
			name = Debug;
		};
		415E403B2A45A87800C14AE9 /* Release */ = {
			isa = XCBuildConfiguration;
			baseConfigurationReference = BBDE84EBAD236F9E28A03906 /* Pods-BlackcofferAssignment-BlackcofferAssignmentUITests.release.xcconfig */;
			buildSettings = {
				ALWAYS_EMBED_SWIFT_STANDARD_LIBRARIES = YES;
				CODE_SIGN_STYLE = Automatic;
				CURRENT_PROJECT_VERSION = 1;
				DEVELOPMENT_TEAM = 8A2XNZ3KVG;
				GENERATE_INFOPLIST_FILE = YES;
				MARKETING_VERSION = 1.0;
				PRODUCT_BUNDLE_IDENTIFIER = com.powerplay.BlackcofferAssignmentUITests;
				PRODUCT_NAME = "$(TARGET_NAME)";
				SWIFT_EMIT_LOC_STRINGS = NO;
				SWIFT_VERSION = 5.0;
				TARGETED_DEVICE_FAMILY = "1,2";
				TEST_TARGET_NAME = BlackcofferAssignment;
			};
			name = Release;
		};
/* End XCBuildConfiguration section */

/* Begin XCConfigurationList section */
		415E40042A45A87500C14AE9 /* Build configuration list for PBXProject "BlackcofferAssignment" */ = {
			isa = XCConfigurationList;
			buildConfigurations = (
				415E40312A45A87800C14AE9 /* Debug */,
				415E40322A45A87800C14AE9 /* Release */,
			);
			defaultConfigurationIsVisible = 0;
			defaultConfigurationName = Release;
		};
		415E40332A45A87800C14AE9 /* Build configuration list for PBXNativeTarget "BlackcofferAssignment" */ = {
			isa = XCConfigurationList;
			buildConfigurations = (
				415E40342A45A87800C14AE9 /* Debug */,
				415E40352A45A87800C14AE9 /* Release */,
			);
			defaultConfigurationIsVisible = 0;
			defaultConfigurationName = Release;
		};
		415E40362A45A87800C14AE9 /* Build configuration list for PBXNativeTarget "BlackcofferAssignmentTests" */ = {
			isa = XCConfigurationList;
			buildConfigurations = (
				415E40372A45A87800C14AE9 /* Debug */,
				415E40382A45A87800C14AE9 /* Release */,
			);
			defaultConfigurationIsVisible = 0;
			defaultConfigurationName = Release;
		};
		415E40392A45A87800C14AE9 /* Build configuration list for PBXNativeTarget "BlackcofferAssignmentUITests" */ = {
			isa = XCConfigurationList;
			buildConfigurations = (
				415E403A2A45A87800C14AE9 /* Debug */,
				415E403B2A45A87800C14AE9 /* Release */,
			);
			defaultConfigurationIsVisible = 0;
			defaultConfigurationName = Release;
		};
/* End XCConfigurationList section */
	};
	rootObject = 415E40012A45A87500C14AE9 /* Project object */;
}
